{
	"name": "@plugin-123/my-first-plugin",
	"version": "0.0.2",
	"lockfileVersion": 1,
	"requires": true,
	"dependencies": {
		"unplugin": {
			"version": "0.2.19",
			"resolved": "https://registry.npmjs.org/unplugin/-/unplugin-0.2.19.tgz",
			"integrity": "sha512-r5PDeBBecir99rhLFp1ftqIkp5afD91anweIlWtF5Ca46FJsn2kQczD93FdFJw79R6HSF5waeYo79bFOQ9GVhQ==",
			"requires": {
				"webpack-virtual-modules": "^0.4.3"
			}
		},
		"webpack-virtual-modules": {
			"version": "0.4.3",
			"resolved": "https://registry.npmjs.org/webpack-virtual-modules/-/webpack-virtual-modules-0.4.3.tgz",
			"integrity": "sha512-5NUqC2JquIL2pBAAo/VfBP6KuGkHIZQXW/lNKupLPfhViwh8wNsu0BObtl09yuKZszeEUfbXz8xhrHvSG16Nqw=="
		}
	}
}
